
Microsoft Visual Studio Solution File, Format Version 12.00
# Visual Studio Version 16
VisualStudioVersion = 16.0.30204.135
MinimumVisualStudioVersion = 10.0.40219.1
Project("{FAE04EC0-301F-11D3-BF4B-00C04F79EFBC}") = "EnglishTrainer", "EnglishTrainer\EnglishTrainer.csproj", "{78049A7C-25A4-4C82-B504-50A89669EFCF}"
EndProject
Project("{9A19103F-16F7-4668-BE54-9A1E7A4F7556}") = "EnglishTrainer.DAL", "EnglishTrainer.DAL\EnglishTrainer.DAL.csproj", "{07DDE5BD-425F-4644-AA10-19E50354BDA3}"
EndProject
Project("{9A19103F-16F7-4668-BE54-9A1E7A4F7556}") = "EnglishTrainer.BLL", "BLL\EnglishTrainer.BLL.csproj", "{385AC649-3F9D-48EB-BD64-61F324482611}"
EndProject
Project("{9A19103F-16F7-4668-BE54-9A1E7A4F7556}") = "AllTests", "AllTests\AllTests.csproj", "{FEBEB04D-5FA2-4BA9-AEF0-5F0FC0D13017}"
EndProject
Project("{9A19103F-16F7-4668-BE54-9A1E7A4F7556}") = "EnglishTrainer.WPFPresentationLayer", "EnglishTrainer.WPFPresentationLayer\EnglishTrainer.WPFPresentationLayer.csproj", "{6CCEAD49-9648-47E0-86C6-C0A71568F87E}"
EndProject
Project("{9A19103F-16F7-4668-BE54-9A1E7A4F7556}") = "EnglishTrainer.DesctopClient", "EnglishTrainer.DesctopClient\EnglishTrainer.DesctopClient.csproj", "{016F8062-5BFA-47D7-B331-B3CB723216C0}"
EndProject
Project("{FAE04EC0-301F-11D3-BF4B-00C04F79EFBC}") = "TrainerAPI", "TrainerAPI\TrainerAPI.csproj", "{2B02F96D-FF31-4DB3-AB5A-1296705A01E5}"
EndProject
Global
	GlobalSection(SolutionConfigurationPlatforms) = preSolution
		Debug|Any CPU = Debug|Any CPU
		Release|Any CPU = Release|Any CPU
	EndGlobalSection
	GlobalSection(ProjectConfigurationPlatforms) = postSolution
		{78049A7C-25A4-4C82-B504-50A89669EFCF}.Debug|Any CPU.ActiveCfg = Debug|Any CPU
		{78049A7C-25A4-4C82-B504-50A89669EFCF}.Debug|Any CPU.Build.0 = Debug|Any CPU
		{78049A7C-25A4-4C82-B504-50A89669EFCF}.Release|Any CPU.ActiveCfg = Release|Any CPU
		{78049A7C-25A4-4C82-B504-50A89669EFCF}.Release|Any CPU.Build.0 = Release|Any CPU
		{07DDE5BD-425F-4644-AA10-19E50354BDA3}.Debug|Any CPU.ActiveCfg = Debug|Any CPU
		{07DDE5BD-425F-4644-AA10-19E50354BDA3}.Debug|Any CPU.Build.0 = Debug|Any CPU
		{07DDE5BD-425F-4644-AA10-19E50354BDA3}.Release|Any CPU.ActiveCfg = Release|Any CPU
		{07DDE5BD-425F-4644-AA10-19E50354BDA3}.Release|Any CPU.Build.0 = Release|Any CPU
		{385AC649-3F9D-48EB-BD64-61F324482611}.Debug|Any CPU.ActiveCfg = Debug|Any CPU
		{385AC649-3F9D-48EB-BD64-61F324482611}.Debug|Any CPU.Build.0 = Debug|Any CPU
		{385AC649-3F9D-48EB-BD64-61F324482611}.Release|Any CPU.ActiveCfg = Release|Any CPU
		{385AC649-3F9D-48EB-BD64-61F324482611}.Release|Any CPU.Build.0 = Release|Any CPU
		{FEBEB04D-5FA2-4BA9-AEF0-5F0FC0D13017}.Debug|Any CPU.ActiveCfg = Debug|Any CPU
		{FEBEB04D-5FA2-4BA9-AEF0-5F0FC0D13017}.Debug|Any CPU.Build.0 = Debug|Any CPU
		{FEBEB04D-5FA2-4BA9-AEF0-5F0FC0D13017}.Release|Any CPU.ActiveCfg = Release|Any CPU
		{FEBEB04D-5FA2-4BA9-AEF0-5F0FC0D13017}.Release|Any CPU.Build.0 = Release|Any CPU
		{6CCEAD49-9648-47E0-86C6-C0A71568F87E}.Debug|Any CPU.ActiveCfg = Debug|Any CPU
		{6CCEAD49-9648-47E0-86C6-C0A71568F87E}.Debug|Any CPU.Build.0 = Debug|Any CPU
		{6CCEAD49-9648-47E0-86C6-C0A71568F87E}.Release|Any CPU.ActiveCfg = Release|Any CPU
		{6CCEAD49-9648-47E0-86C6-C0A71568F87E}.Release|Any CPU.Build.0 = Release|Any CPU
		{016F8062-5BFA-47D7-B331-B3CB723216C0}.Debug|Any CPU.ActiveCfg = Debug|Any CPU
		{016F8062-5BFA-47D7-B331-B3CB723216C0}.Debug|Any CPU.Build.0 = Debug|Any CPU
		{016F8062-5BFA-47D7-B331-B3CB723216C0}.Release|Any CPU.ActiveCfg = Release|Any CPU
		{016F8062-5BFA-47D7-B331-B3CB723216C0}.Release|Any CPU.Build.0 = Release|Any CPU
		{2B02F96D-FF31-4DB3-AB5A-1296705A01E5}.Debug|Any CPU.ActiveCfg = Debug|Any CPU
		{2B02F96D-FF31-4DB3-AB5A-1296705A01E5}.Debug|Any CPU.Build.0 = Debug|Any CPU
		{2B02F96D-FF31-4DB3-AB5A-1296705A01E5}.Release|Any CPU.ActiveCfg = Release|Any CPU
		{2B02F96D-FF31-4DB3-AB5A-1296705A01E5}.Release|Any CPU.Build.0 = Release|Any CPU
	EndGlobalSection
	GlobalSection(SolutionProperties) = preSolution
		HideSolutionNode = FALSE
	EndGlobalSection
	GlobalSection(ExtensibilityGlobals) = postSolution
		SolutionGuid = {758FFCEC-44B6-4931-B85C-1AFDCCE0884A}
	EndGlobalSection
EndGlobal
